// !$*UTF8*$!
{
	archiveVersion = 1;
	classes = {
	};
	objectVersion = 56;
	objects = {

/* Begin PBXBuildFile section */
		FB377E5A2B48585A007450F1 /* Extension.swift in Sources */ = {isa = PBXBuildFile; fileRef = FB377E592B48585A007450F1 /* Extension.swift */; };
		FB377E5D2B485967007450F1 /* CharacterDetailsView.swift in Sources */ = {isa = PBXBuildFile; fileRef = FB377E5C2B485967007450F1 /* CharacterDetailsView.swift */; };
		FB377E602B485D9C007450F1 /* FiltersView.swift in Sources */ = {isa = PBXBuildFile; fileRef = FB377E5F2B485D9C007450F1 /* FiltersView.swift */; };
		FB377E622B4D5EB8007450F1 /* FiltersGroupView.swift in Sources */ = {isa = PBXBuildFile; fileRef = FB377E612B4D5EB8007450F1 /* FiltersGroupView.swift */; };
		FB377E662B4D639B007450F1 /* FilterProvider.swift in Sources */ = {isa = PBXBuildFile; fileRef = FB377E652B4D639B007450F1 /* FilterProvider.swift */; };
		FB377E682B4D6568007450F1 /* FilterRowView.swift in Sources */ = {isa = PBXBuildFile; fileRef = FB377E672B4D6568007450F1 /* FilterRowView.swift */; };
		FB7ABE392B4602D900AAF63A /* IPFTestApp.swift in Sources */ = {isa = PBXBuildFile; fileRef = FB7ABE382B4602D900AAF63A /* IPFTestApp.swift */; };
		FB7ABE3B2B4602D900AAF63A /* SectionsListView.swift in Sources */ = {isa = PBXBuildFile; fileRef = FB7ABE3A2B4602D900AAF63A /* SectionsListView.swift */; };
		FB7ABE3D2B4602D900AAF63A /* Assets.xcassets in Resources */ = {isa = PBXBuildFile; fileRef = FB7ABE3C2B4602D900AAF63A /* Assets.xcassets */; };
		FB7ABE402B4602D900AAF63A /* Preview Assets.xcassets in Resources */ = {isa = PBXBuildFile; fileRef = FB7ABE3F2B4602D900AAF63A /* Preview Assets.xcassets */; };
		FB7ABE4A2B4602DA00AAF63A /* IPFTestTests.swift in Sources */ = {isa = PBXBuildFile; fileRef = FB7ABE492B4602DA00AAF63A /* IPFTestTests.swift */; };
		FB7ABE542B4602DA00AAF63A /* IPFTestUITests.swift in Sources */ = {isa = PBXBuildFile; fileRef = FB7ABE532B4602DA00AAF63A /* IPFTestUITests.swift */; };
		FB7ABE562B4602DA00AAF63A /* IPFTestUITestsLaunchTests.swift in Sources */ = {isa = PBXBuildFile; fileRef = FB7ABE552B4602DA00AAF63A /* IPFTestUITestsLaunchTests.swift */; };
		FB7ABE632B46053800AAF63A /* LaunchScreenView.swift in Sources */ = {isa = PBXBuildFile; fileRef = FB7ABE622B46053800AAF63A /* LaunchScreenView.swift */; };
		FB7ABE672B460A9000AAF63A /* LaunchScreenViewModel.swift in Sources */ = {isa = PBXBuildFile; fileRef = FB7ABE662B460A9000AAF63A /* LaunchScreenViewModel.swift */; };
		FB7ABE6A2B460FB500AAF63A /* SectionView.swift in Sources */ = {isa = PBXBuildFile; fileRef = FB7ABE692B460FB500AAF63A /* SectionView.swift */; };
		FB7ABE6F2B46101200AAF63A /* Section.swift in Sources */ = {isa = PBXBuildFile; fileRef = FB7ABE6E2B46101200AAF63A /* Section.swift */; };
		FB7ABE722B4610AA00AAF63A /* SectionProvider.swift in Sources */ = {isa = PBXBuildFile; fileRef = FB7ABE712B4610AA00AAF63A /* SectionProvider.swift */; };
		FB7ABE742B4615AB00AAF63A /* CharactersListView.swift in Sources */ = {isa = PBXBuildFile; fileRef = FB7ABE732B4615AB00AAF63A /* CharactersListView.swift */; };
		FB7ABE7A2B4842D700AAF63A /* CharactersListViewModel.swift in Sources */ = {isa = PBXBuildFile; fileRef = FB7ABE792B4842D700AAF63A /* CharactersListViewModel.swift */; };
		FB7ABE7D2B48457900AAF63A /* CharacterView.swift in Sources */ = {isa = PBXBuildFile; fileRef = FB7ABE7C2B48457900AAF63A /* CharacterView.swift */; };
		FB7ABE802B4845CF00AAF63A /* APISessionProviding.swift in Sources */ = {isa = PBXBuildFile; fileRef = FB7ABE7F2B4845CF00AAF63A /* APISessionProviding.swift */; };
		FB7ABE822B4845EF00AAF63A /* ApiSession.swift in Sources */ = {isa = PBXBuildFile; fileRef = FB7ABE812B4845EF00AAF63A /* ApiSession.swift */; };
		FB7ABE842B4845FD00AAF63A /* RequestProviding.swift in Sources */ = {isa = PBXBuildFile; fileRef = FB7ABE832B4845FD00AAF63A /* RequestProviding.swift */; };
		FB7ABE862B48460B00AAF63A /* APIError.swift in Sources */ = {isa = PBXBuildFile; fileRef = FB7ABE852B48460B00AAF63A /* APIError.swift */; };
		FB7ABE882B48461900AAF63A /* HTTPMethod.swift in Sources */ = {isa = PBXBuildFile; fileRef = FB7ABE872B48461900AAF63A /* HTTPMethod.swift */; };
		FB7ABE8B2B48464E00AAF63A /* CharactersEndpoint.swift in Sources */ = {isa = PBXBuildFile; fileRef = FB7ABE8A2B48464E00AAF63A /* CharactersEndpoint.swift */; };
		FB7ABE8D2B48476C00AAF63A /* CharactersService.swift in Sources */ = {isa = PBXBuildFile; fileRef = FB7ABE8C2B48476C00AAF63A /* CharactersService.swift */; };
		FB7ABE8F2B4848A800AAF63A /* CharactersListResponse.swift in Sources */ = {isa = PBXBuildFile; fileRef = FB7ABE8E2B4848A800AAF63A /* CharactersListResponse.swift */; };
		FB7ABE922B484BF200AAF63A /* Kingfisher in Frameworks */ = {isa = PBXBuildFile; productRef = FB7ABE912B484BF200AAF63A /* Kingfisher */; };
		FBCA44842B4D7AE200028064 /* FiltersViewModel.swift in Sources */ = {isa = PBXBuildFile; fileRef = FBCA44832B4D7AE200028064 /* FiltersViewModel.swift */; };
		FBCA44862B4D7B5D00028064 /* FilterOption.swift in Sources */ = {isa = PBXBuildFile; fileRef = FBCA44852B4D7B5D00028064 /* FilterOption.swift */; };
		FBCA44882B4DA79400028064 /* Colors.xcassets in Resources */ = {isa = PBXBuildFile; fileRef = FBCA44872B4DA79400028064 /* Colors.xcassets */; };
		FBCA448E2B4DAA5B00028064 /* Toolbar.swift in Sources */ = {isa = PBXBuildFile; fileRef = FBCA448D2B4DAA5B00028064 /* Toolbar.swift */; };
		FBCA44902B4DAA7100028064 /* Modifiers.swift in Sources */ = {isa = PBXBuildFile; fileRef = FBCA448F2B4DAA7100028064 /* Modifiers.swift */; };
		FBCA44932B4DAC7F00028064 /* SearchBar.swift in Sources */ = {isa = PBXBuildFile; fileRef = FBCA44922B4DAC7F00028064 /* SearchBar.swift */; };
/* End PBXBuildFile section */

/* Begin PBXContainerItemProxy section */
		FB7ABE462B4602DA00AAF63A /* PBXContainerItemProxy */ = {
			isa = PBXContainerItemProxy;
			containerPortal = FB7ABE2D2B4602D800AAF63A /* Project object */;
			proxyType = 1;
			remoteGlobalIDString = FB7ABE342B4602D800AAF63A;
			remoteInfo = IPFTest;
		};
		FB7ABE502B4602DA00AAF63A /* PBXContainerItemProxy */ = {
			isa = PBXContainerItemProxy;
			containerPortal = FB7ABE2D2B4602D800AAF63A /* Project object */;
			proxyType = 1;
			remoteGlobalIDString = FB7ABE342B4602D800AAF63A;
			remoteInfo = IPFTest;
		};
/* End PBXContainerItemProxy section */

/* Begin PBXFileReference section */
		FB377E592B48585A007450F1 /* Extension.swift */ = {isa = PBXFileReference; lastKnownFileType = sourcecode.swift; path = Extension.swift; sourceTree = "<group>"; };
		FB377E5C2B485967007450F1 /* CharacterDetailsView.swift */ = {isa = PBXFileReference; lastKnownFileType = sourcecode.swift; path = CharacterDetailsView.swift; sourceTree = "<group>"; };
		FB377E5F2B485D9C007450F1 /* FiltersView.swift */ = {isa = PBXFileReference; lastKnownFileType = sourcecode.swift; path = FiltersView.swift; sourceTree = "<group>"; };
		FB377E612B4D5EB8007450F1 /* FiltersGroupView.swift */ = {isa = PBXFileReference; lastKnownFileType = sourcecode.swift; path = FiltersGroupView.swift; sourceTree = "<group>"; };
		FB377E652B4D639B007450F1 /* FilterProvider.swift */ = {isa = PBXFileReference; lastKnownFileType = sourcecode.swift; path = FilterProvider.swift; sourceTree = "<group>"; };
		FB377E672B4D6568007450F1 /* FilterRowView.swift */ = {isa = PBXFileReference; lastKnownFileType = sourcecode.swift; path = FilterRowView.swift; sourceTree = "<group>"; };
		FB7ABE352B4602D900AAF63A /* IPFTest.app */ = {isa = PBXFileReference; explicitFileType = wrapper.application; includeInIndex = 0; path = IPFTest.app; sourceTree = BUILT_PRODUCTS_DIR; };
		FB7ABE382B4602D900AAF63A /* IPFTestApp.swift */ = {isa = PBXFileReference; lastKnownFileType = sourcecode.swift; path = IPFTestApp.swift; sourceTree = "<group>"; };
		FB7ABE3A2B4602D900AAF63A /* SectionsListView.swift */ = {isa = PBXFileReference; lastKnownFileType = sourcecode.swift; path = SectionsListView.swift; sourceTree = "<group>"; };
		FB7ABE3C2B4602D900AAF63A /* Assets.xcassets */ = {isa = PBXFileReference; lastKnownFileType = folder.assetcatalog; path = Assets.xcassets; sourceTree = "<group>"; };
		FB7ABE3F2B4602D900AAF63A /* Preview Assets.xcassets */ = {isa = PBXFileReference; lastKnownFileType = folder.assetcatalog; path = "Preview Assets.xcassets"; sourceTree = "<group>"; };
		FB7ABE452B4602DA00AAF63A /* IPFTestTests.xctest */ = {isa = PBXFileReference; explicitFileType = wrapper.cfbundle; includeInIndex = 0; path = IPFTestTests.xctest; sourceTree = BUILT_PRODUCTS_DIR; };
		FB7ABE492B4602DA00AAF63A /* IPFTestTests.swift */ = {isa = PBXFileReference; lastKnownFileType = sourcecode.swift; path = IPFTestTests.swift; sourceTree = "<group>"; };
		FB7ABE4F2B4602DA00AAF63A /* IPFTestUITests.xctest */ = {isa = PBXFileReference; explicitFileType = wrapper.cfbundle; includeInIndex = 0; path = IPFTestUITests.xctest; sourceTree = BUILT_PRODUCTS_DIR; };
		FB7ABE532B4602DA00AAF63A /* IPFTestUITests.swift */ = {isa = PBXFileReference; lastKnownFileType = sourcecode.swift; path = IPFTestUITests.swift; sourceTree = "<group>"; };
		FB7ABE552B4602DA00AAF63A /* IPFTestUITestsLaunchTests.swift */ = {isa = PBXFileReference; lastKnownFileType = sourcecode.swift; path = IPFTestUITestsLaunchTests.swift; sourceTree = "<group>"; };
		FB7ABE622B46053800AAF63A /* LaunchScreenView.swift */ = {isa = PBXFileReference; lastKnownFileType = sourcecode.swift; path = LaunchScreenView.swift; sourceTree = "<group>"; };
		FB7ABE662B460A9000AAF63A /* LaunchScreenViewModel.swift */ = {isa = PBXFileReference; lastKnownFileType = sourcecode.swift; path = LaunchScreenViewModel.swift; sourceTree = "<group>"; };
		FB7ABE692B460FB500AAF63A /* SectionView.swift */ = {isa = PBXFileReference; lastKnownFileType = sourcecode.swift; path = SectionView.swift; sourceTree = "<group>"; };
		FB7ABE6E2B46101200AAF63A /* Section.swift */ = {isa = PBXFileReference; lastKnownFileType = sourcecode.swift; path = Section.swift; sourceTree = "<group>"; };
		FB7ABE712B4610AA00AAF63A /* SectionProvider.swift */ = {isa = PBXFileReference; lastKnownFileType = sourcecode.swift; path = SectionProvider.swift; sourceTree = "<group>"; };
		FB7ABE732B4615AB00AAF63A /* CharactersListView.swift */ = {isa = PBXFileReference; lastKnownFileType = sourcecode.swift; path = CharactersListView.swift; sourceTree = "<group>"; };
		FB7ABE792B4842D700AAF63A /* CharactersListViewModel.swift */ = {isa = PBXFileReference; lastKnownFileType = sourcecode.swift; path = CharactersListViewModel.swift; sourceTree = "<group>"; };
		FB7ABE7C2B48457900AAF63A /* CharacterView.swift */ = {isa = PBXFileReference; lastKnownFileType = sourcecode.swift; path = CharacterView.swift; sourceTree = "<group>"; };
		FB7ABE7F2B4845CF00AAF63A /* APISessionProviding.swift */ = {isa = PBXFileReference; lastKnownFileType = sourcecode.swift; path = APISessionProviding.swift; sourceTree = "<group>"; };
		FB7ABE812B4845EF00AAF63A /* ApiSession.swift */ = {isa = PBXFileReference; lastKnownFileType = sourcecode.swift; path = ApiSession.swift; sourceTree = "<group>"; };
		FB7ABE832B4845FD00AAF63A /* RequestProviding.swift */ = {isa = PBXFileReference; lastKnownFileType = sourcecode.swift; path = RequestProviding.swift; sourceTree = "<group>"; };
		FB7ABE852B48460B00AAF63A /* APIError.swift */ = {isa = PBXFileReference; lastKnownFileType = sourcecode.swift; path = APIError.swift; sourceTree = "<group>"; };
		FB7ABE872B48461900AAF63A /* HTTPMethod.swift */ = {isa = PBXFileReference; lastKnownFileType = sourcecode.swift; path = HTTPMethod.swift; sourceTree = "<group>"; };
		FB7ABE8A2B48464E00AAF63A /* CharactersEndpoint.swift */ = {isa = PBXFileReference; lastKnownFileType = sourcecode.swift; path = CharactersEndpoint.swift; sourceTree = "<group>"; };
		FB7ABE8C2B48476C00AAF63A /* CharactersService.swift */ = {isa = PBXFileReference; lastKnownFileType = sourcecode.swift; path = CharactersService.swift; sourceTree = "<group>"; };
		FB7ABE8E2B4848A800AAF63A /* CharactersListResponse.swift */ = {isa = PBXFileReference; lastKnownFileType = sourcecode.swift; path = CharactersListResponse.swift; sourceTree = "<group>"; };
		FBCA44832B4D7AE200028064 /* FiltersViewModel.swift */ = {isa = PBXFileReference; lastKnownFileType = sourcecode.swift; path = FiltersViewModel.swift; sourceTree = "<group>"; };
		FBCA44852B4D7B5D00028064 /* FilterOption.swift */ = {isa = PBXFileReference; lastKnownFileType = sourcecode.swift; path = FilterOption.swift; sourceTree = "<group>"; };
		FBCA44872B4DA79400028064 /* Colors.xcassets */ = {isa = PBXFileReference; lastKnownFileType = folder.assetcatalog; path = Colors.xcassets; sourceTree = "<group>"; };
		FBCA448D2B4DAA5B00028064 /* Toolbar.swift */ = {isa = PBXFileReference; lastKnownFileType = sourcecode.swift; path = Toolbar.swift; sourceTree = "<group>"; };
		FBCA448F2B4DAA7100028064 /* Modifiers.swift */ = {isa = PBXFileReference; lastKnownFileType = sourcecode.swift; path = Modifiers.swift; sourceTree = "<group>"; };
		FBCA44922B4DAC7F00028064 /* SearchBar.swift */ = {isa = PBXFileReference; lastKnownFileType = sourcecode.swift; path = SearchBar.swift; sourceTree = "<group>"; };
/* End PBXFileReference section */

/* Begin PBXFrameworksBuildPhase section */
		FB7ABE322B4602D800AAF63A /* Frameworks */ = {
			isa = PBXFrameworksBuildPhase;
			buildActionMask = 2147483647;
			files = (
				FB7ABE922B484BF200AAF63A /* Kingfisher in Frameworks */,
			);
			runOnlyForDeploymentPostprocessing = 0;
		};
		FB7ABE422B4602DA00AAF63A /* Frameworks */ = {
			isa = PBXFrameworksBuildPhase;
			buildActionMask = 2147483647;
			files = (
			);
			runOnlyForDeploymentPostprocessing = 0;
		};
		FB7ABE4C2B4602DA00AAF63A /* Frameworks */ = {
			isa = PBXFrameworksBuildPhase;
			buildActionMask = 2147483647;
			files = (
			);
			runOnlyForDeploymentPostprocessing = 0;
		};
/* End PBXFrameworksBuildPhase section */

/* Begin PBXGroup section */
		FB377E5B2B485957007450F1 /* CharacterDetails */ = {
			isa = PBXGroup;
			children = (
				FB377E5C2B485967007450F1 /* CharacterDetailsView.swift */,
			);
			path = CharacterDetails;
			sourceTree = "<group>";
		};
		FB377E5E2B485D91007450F1 /* Filters */ = {
			isa = PBXGroup;
			children = (
				FB377E5F2B485D9C007450F1 /* FiltersView.swift */,
				FB377E612B4D5EB8007450F1 /* FiltersGroupView.swift */,
				FB377E672B4D6568007450F1 /* FilterRowView.swift */,
				FBCA44832B4D7AE200028064 /* FiltersViewModel.swift */,
			);
			path = Filters;
			sourceTree = "<group>";
		};
		FB7ABE2C2B4602D800AAF63A = {
			isa = PBXGroup;
			children = (
				FB7ABE372B4602D900AAF63A /* IPFTest */,
				FB7ABE482B4602DA00AAF63A /* IPFTestTests */,
				FB7ABE522B4602DA00AAF63A /* IPFTestUITests */,
				FB7ABE362B4602D900AAF63A /* Products */,
			);
			sourceTree = "<group>";
		};
		FB7ABE362B4602D900AAF63A /* Products */ = {
			isa = PBXGroup;
			children = (
				FB7ABE352B4602D900AAF63A /* IPFTest.app */,
				FB7ABE452B4602DA00AAF63A /* IPFTestTests.xctest */,
				FB7ABE4F2B4602DA00AAF63A /* IPFTestUITests.xctest */,
			);
			name = Products;
			sourceTree = "<group>";
		};
		FB7ABE372B4602D900AAF63A /* IPFTest */ = {
			isa = PBXGroup;
			children = (
				FBCA448B2B4DAA4300028064 /* DesignSystem */,
				FB7ABE892B48462C00AAF63A /* Endpoint */,
				FB7ABE7E2B4845C800AAF63A /* Networking */,
				FB7ABE752B46275900AAF63A /* Utilities */,
				FB7ABE702B46109B00AAF63A /* Services */,
				FB7ABE6D2B46100A00AAF63A /* Domain */,
				FB7ABE642B460A6900AAF63A /* View */,
				FB7ABE3C2B4602D900AAF63A /* Assets.xcassets */,
				FB7ABE3E2B4602D900AAF63A /* Preview Content */,
				FBCA44872B4DA79400028064 /* Colors.xcassets */,
			);
			path = IPFTest;
			sourceTree = "<group>";
		};
		FB7ABE3E2B4602D900AAF63A /* Preview Content */ = {
			isa = PBXGroup;
			children = (
				FB7ABE3F2B4602D900AAF63A /* Preview Assets.xcassets */,
			);
			path = "Preview Content";
			sourceTree = "<group>";
		};
		FB7ABE482B4602DA00AAF63A /* IPFTestTests */ = {
			isa = PBXGroup;
			children = (
				FB7ABE492B4602DA00AAF63A /* IPFTestTests.swift */,
			);
			path = IPFTestTests;
			sourceTree = "<group>";
		};
		FB7ABE522B4602DA00AAF63A /* IPFTestUITests */ = {
			isa = PBXGroup;
			children = (
				FB7ABE532B4602DA00AAF63A /* IPFTestUITests.swift */,
				FB7ABE552B4602DA00AAF63A /* IPFTestUITestsLaunchTests.swift */,
			);
			path = IPFTestUITests;
			sourceTree = "<group>";
		};
		FB7ABE642B460A6900AAF63A /* View */ = {
			isa = PBXGroup;
			children = (
				FBCA44912B4DAC7800028064 /* SearchBar */,
				FB377E5E2B485D91007450F1 /* Filters */,
				FB377E5B2B485957007450F1 /* CharacterDetails */,
				FB7ABE382B4602D900AAF63A /* IPFTestApp.swift */,
				FB7ABE782B4842AA00AAF63A /* CharactersList */,
				FB7ABE652B460A7B00AAF63A /* LaunchScreen */,
				FB7ABE682B460FA800AAF63A /* SectionList */,
			);
			path = View;
			sourceTree = "<group>";
		};
		FB7ABE652B460A7B00AAF63A /* LaunchScreen */ = {
			isa = PBXGroup;
			children = (
				FB7ABE622B46053800AAF63A /* LaunchScreenView.swift */,
				FB7ABE662B460A9000AAF63A /* LaunchScreenViewModel.swift */,
			);
			path = LaunchScreen;
			sourceTree = "<group>";
		};
		FB7ABE682B460FA800AAF63A /* SectionList */ = {
			isa = PBXGroup;
			children = (
				FB7ABE3A2B4602D900AAF63A /* SectionsListView.swift */,
				FB7ABE692B460FB500AAF63A /* SectionView.swift */,
			);
			path = SectionList;
			sourceTree = "<group>";
		};
		FB7ABE6D2B46100A00AAF63A /* Domain */ = {
			isa = PBXGroup;
			children = (
				FB7ABE6E2B46101200AAF63A /* Section.swift */,
				FB7ABE8E2B4848A800AAF63A /* CharactersListResponse.swift */,
				FBCA44852B4D7B5D00028064 /* FilterOption.swift */,
			);
			path = Domain;
			sourceTree = "<group>";
		};
		FB7ABE702B46109B00AAF63A /* Services */ = {
			isa = PBXGroup;
			children = (
				FB7ABE712B4610AA00AAF63A /* SectionProvider.swift */,
				FB7ABE8C2B48476C00AAF63A /* CharactersService.swift */,
				FB377E652B4D639B007450F1 /* FilterProvider.swift */,
			);
			path = Services;
			sourceTree = "<group>";
		};
		FB7ABE752B46275900AAF63A /* Utilities */ = {
			isa = PBXGroup;
			children = (
				FB377E592B48585A007450F1 /* Extension.swift */,
			);
			path = Utilities;
			sourceTree = "<group>";
		};
		FB7ABE782B4842AA00AAF63A /* CharactersList */ = {
			isa = PBXGroup;
			children = (
				FB7ABE7B2B48456B00AAF63A /* CharacterView */,
				FB7ABE732B4615AB00AAF63A /* CharactersListView.swift */,
				FB7ABE792B4842D700AAF63A /* CharactersListViewModel.swift */,
			);
			path = CharactersList;
			sourceTree = "<group>";
		};
		FB7ABE7B2B48456B00AAF63A /* CharacterView */ = {
			isa = PBXGroup;
			children = (
				FB7ABE7C2B48457900AAF63A /* CharacterView.swift */,
			);
			path = CharacterView;
			sourceTree = "<group>";
		};
		FB7ABE7E2B4845C800AAF63A /* Networking */ = {
			isa = PBXGroup;
			children = (
				FB7ABE7F2B4845CF00AAF63A /* APISessionProviding.swift */,
				FB7ABE812B4845EF00AAF63A /* ApiSession.swift */,
				FB7ABE832B4845FD00AAF63A /* RequestProviding.swift */,
				FB7ABE852B48460B00AAF63A /* APIError.swift */,
				FB7ABE872B48461900AAF63A /* HTTPMethod.swift */,
			);
			path = Networking;
			sourceTree = "<group>";
		};
		FB7ABE892B48462C00AAF63A /* Endpoint */ = {
			isa = PBXGroup;
			children = (
				FB7ABE8A2B48464E00AAF63A /* CharactersEndpoint.swift */,
			);
			path = Endpoint;
			sourceTree = "<group>";
		};
		FBCA448B2B4DAA4300028064 /* DesignSystem */ = {
			isa = PBXGroup;
			children = (
				FBCA448C2B4DAA5300028064 /* Components */,
			);
			path = DesignSystem;
			sourceTree = "<group>";
		};
		FBCA448C2B4DAA5300028064 /* Components */ = {
			isa = PBXGroup;
			children = (
				FBCA448D2B4DAA5B00028064 /* Toolbar.swift */,
				FBCA448F2B4DAA7100028064 /* Modifiers.swift */,
			);
			path = Components;
			sourceTree = "<group>";
		};
		FBCA44912B4DAC7800028064 /* SearchBar */ = {
			isa = PBXGroup;
			children = (
				FBCA44922B4DAC7F00028064 /* SearchBar.swift */,
			);
			path = SearchBar;
			sourceTree = "<group>";
		};
/* End PBXGroup section */

/* Begin PBXNativeTarget section */
		FB7ABE342B4602D800AAF63A /* IPFTest */ = {
			isa = PBXNativeTarget;
			buildConfigurationList = FB7ABE592B4602DA00AAF63A /* Build configuration list for PBXNativeTarget "IPFTest" */;
			buildPhases = (
				FB7ABE312B4602D800AAF63A /* Sources */,
				FB7ABE322B4602D800AAF63A /* Frameworks */,
				FB7ABE332B4602D800AAF63A /* Resources */,
			);
			buildRules = (
			);
			dependencies = (
			);
			name = IPFTest;
			packageProductDependencies = (
				FB7ABE912B484BF200AAF63A /* Kingfisher */,
			);
			productName = IPFTest;
			productReference = FB7ABE352B4602D900AAF63A /* IPFTest.app */;
			productType = "com.apple.product-type.application";
		};
		FB7ABE442B4602DA00AAF63A /* IPFTestTests */ = {
			isa = PBXNativeTarget;
			buildConfigurationList = FB7ABE5C2B4602DA00AAF63A /* Build configuration list for PBXNativeTarget "IPFTestTests" */;
			buildPhases = (
				FB7ABE412B4602DA00AAF63A /* Sources */,
				FB7ABE422B4602DA00AAF63A /* Frameworks */,
				FB7ABE432B4602DA00AAF63A /* Resources */,
			);
			buildRules = (
			);
			dependencies = (
				FB7ABE472B4602DA00AAF63A /* PBXTargetDependency */,
			);
			name = IPFTestTests;
			productName = IPFTestTests;
			productReference = FB7ABE452B4602DA00AAF63A /* IPFTestTests.xctest */;
			productType = "com.apple.product-type.bundle.unit-test";
		};
		FB7ABE4E2B4602DA00AAF63A /* IPFTestUITests */ = {
			isa = PBXNativeTarget;
			buildConfigurationList = FB7ABE5F2B4602DA00AAF63A /* Build configuration list for PBXNativeTarget "IPFTestUITests" */;
			buildPhases = (
				FB7ABE4B2B4602DA00AAF63A /* Sources */,
				FB7ABE4C2B4602DA00AAF63A /* Frameworks */,
				FB7ABE4D2B4602DA00AAF63A /* Resources */,
			);
			buildRules = (
			);
			dependencies = (
				FB7ABE512B4602DA00AAF63A /* PBXTargetDependency */,
			);
			name = IPFTestUITests;
			productName = IPFTestUITests;
			productReference = FB7ABE4F2B4602DA00AAF63A /* IPFTestUITests.xctest */;
			productType = "com.apple.product-type.bundle.ui-testing";
		};
/* End PBXNativeTarget section */

/* Begin PBXProject section */
		FB7ABE2D2B4602D800AAF63A /* Project object */ = {
			isa = PBXProject;
			attributes = {
				BuildIndependentTargetsInParallel = 1;
				LastSwiftUpdateCheck = 1510;
				LastUpgradeCheck = 1510;
				TargetAttributes = {
					FB7ABE342B4602D800AAF63A = {
						CreatedOnToolsVersion = 15.1;
					};
					FB7ABE442B4602DA00AAF63A = {
						CreatedOnToolsVersion = 15.1;
						TestTargetID = FB7ABE342B4602D800AAF63A;
					};
					FB7ABE4E2B4602DA00AAF63A = {
						CreatedOnToolsVersion = 15.1;
						TestTargetID = FB7ABE342B4602D800AAF63A;
					};
				};
			};
			buildConfigurationList = FB7ABE302B4602D800AAF63A /* Build configuration list for PBXProject "IPFTest" */;
			compatibilityVersion = "Xcode 14.0";
			developmentRegion = en;
			hasScannedForEncodings = 0;
			knownRegions = (
				en,
				Base,
			);
			mainGroup = FB7ABE2C2B4602D800AAF63A;
			packageReferences = (
				FB7ABE902B484BF200AAF63A /* XCRemoteSwiftPackageReference "Kingfisher" */,
			);
			productRefGroup = FB7ABE362B4602D900AAF63A /* Products */;
			projectDirPath = "";
			projectRoot = "";
			targets = (
				FB7ABE342B4602D800AAF63A /* IPFTest */,
				FB7ABE442B4602DA00AAF63A /* IPFTestTests */,
				FB7ABE4E2B4602DA00AAF63A /* IPFTestUITests */,
			);
		};
/* End PBXProject section */

/* Begin PBXResourcesBuildPhase section */
		FB7ABE332B4602D800AAF63A /* Resources */ = {
			isa = PBXResourcesBuildPhase;
			buildActionMask = 2147483647;
			files = (
				FBCA44882B4DA79400028064 /* Colors.xcassets in Resources */,
				FB7ABE402B4602D900AAF63A /* Preview Assets.xcassets in Resources */,
				FB7ABE3D2B4602D900AAF63A /* Assets.xcassets in Resources */,
			);
			runOnlyForDeploymentPostprocessing = 0;
		};
		FB7ABE432B4602DA00AAF63A /* Resources */ = {
			isa = PBXResourcesBuildPhase;
			buildActionMask = 2147483647;
			files = (
			);
			runOnlyForDeploymentPostprocessing = 0;
		};
		FB7ABE4D2B4602DA00AAF63A /* Resources */ = {
			isa = PBXResourcesBuildPhase;
			buildActionMask = 2147483647;
			files = (
			);
			runOnlyForDeploymentPostprocessing = 0;
		};
/* End PBXResourcesBuildPhase section */

/* Begin PBXSourcesBuildPhase section */
		FB7ABE312B4602D800AAF63A /* Sources */ = {
			isa = PBXSourcesBuildPhase;
			buildActionMask = 2147483647;
			files = (
				FB377E662B4D639B007450F1 /* FilterProvider.swift in Sources */,
				FB7ABE3B2B4602D900AAF63A /* SectionsListView.swift in Sources */,
				FB7ABE742B4615AB00AAF63A /* CharactersListView.swift in Sources */,
				FB7ABE672B460A9000AAF63A /* LaunchScreenViewModel.swift in Sources */,
				FB377E622B4D5EB8007450F1 /* FiltersGroupView.swift in Sources */,
				FB377E5D2B485967007450F1 /* CharacterDetailsView.swift in Sources */,
				FB377E602B485D9C007450F1 /* FiltersView.swift in Sources */,
				FBCA448E2B4DAA5B00028064 /* Toolbar.swift in Sources */,
				FBCA44902B4DAA7100028064 /* Modifiers.swift in Sources */,
				FB7ABE6A2B460FB500AAF63A /* SectionView.swift in Sources */,
				FB7ABE802B4845CF00AAF63A /* APISessionProviding.swift in Sources */,
				FB7ABE8B2B48464E00AAF63A /* CharactersEndpoint.swift in Sources */,
				FB7ABE7D2B48457900AAF63A /* CharacterView.swift in Sources */,
				FB7ABE8D2B48476C00AAF63A /* CharactersService.swift in Sources */,
				FB377E5A2B48585A007450F1 /* Extension.swift in Sources */,
				FB7ABE842B4845FD00AAF63A /* RequestProviding.swift in Sources */,
				FB377E682B4D6568007450F1 /* FilterRowView.swift in Sources */,
				FB7ABE722B4610AA00AAF63A /* SectionProvider.swift in Sources */,
				FBCA44932B4DAC7F00028064 /* SearchBar.swift in Sources */,
				FB7ABE862B48460B00AAF63A /* APIError.swift in Sources */,
				FB7ABE7A2B4842D700AAF63A /* CharactersListViewModel.swift in Sources */,
				FBCA44862B4D7B5D00028064 /* FilterOption.swift in Sources */,
				FB7ABE6F2B46101200AAF63A /* Section.swift in Sources */,
				FB7ABE392B4602D900AAF63A /* IPFTestApp.swift in Sources */,
				FB7ABE882B48461900AAF63A /* HTTPMethod.swift in Sources */,
				FB7ABE8F2B4848A800AAF63A /* CharactersListResponse.swift in Sources */,
				FB7ABE822B4845EF00AAF63A /* ApiSession.swift in Sources */,
				FBCA44842B4D7AE200028064 /* FiltersViewModel.swift in Sources */,
				FB7ABE632B46053800AAF63A /* LaunchScreenView.swift in Sources */,
			);
			runOnlyForDeploymentPostprocessing = 0;
		};
		FB7ABE412B4602DA00AAF63A /* Sources */ = {
			isa = PBXSourcesBuildPhase;
			buildActionMask = 2147483647;
			files = (
				FB7ABE4A2B4602DA00AAF63A /* IPFTestTests.swift in Sources */,
			);
			runOnlyForDeploymentPostprocessing = 0;
		};
		FB7ABE4B2B4602DA00AAF63A /* Sources */ = {
			isa = PBXSourcesBuildPhase;
			buildActionMask = 2147483647;
			files = (
				FB7ABE562B4602DA00AAF63A /* IPFTestUITestsLaunchTests.swift in Sources */,
				FB7ABE542B4602DA00AAF63A /* IPFTestUITests.swift in Sources */,
			);
			runOnlyForDeploymentPostprocessing = 0;
		};
/* End PBXSourcesBuildPhase section */

/* Begin PBXTargetDependency section */
		FB7ABE472B4602DA00AAF63A /* PBXTargetDependency */ = {
			isa = PBXTargetDependency;
			target = FB7ABE342B4602D800AAF63A /* IPFTest */;
			targetProxy = FB7ABE462B4602DA00AAF63A /* PBXContainerItemProxy */;
		};
		FB7ABE512B4602DA00AAF63A /* PBXTargetDependency */ = {
			isa = PBXTargetDependency;
			target = FB7ABE342B4602D800AAF63A /* IPFTest */;
			targetProxy = FB7ABE502B4602DA00AAF63A /* PBXContainerItemProxy */;
		};
/* End PBXTargetDependency section */

/* Begin XCBuildConfiguration section */
		FB7ABE572B4602DA00AAF63A /* Debug */ = {
			isa = XCBuildConfiguration;
			buildSettings = {
				ALWAYS_SEARCH_USER_PATHS = NO;
				ASSETCATALOG_COMPILER_GENERATE_SWIFT_ASSET_SYMBOL_EXTENSIONS = YES;
				CLANG_ANALYZER_NONNULL = YES;
				CLANG_ANALYZER_NUMBER_OBJECT_CONVERSION = YES_AGGRESSIVE;
				CLANG_CXX_LANGUAGE_STANDARD = "gnu++20";
				CLANG_ENABLE_MODULES = YES;
				CLANG_ENABLE_OBJC_ARC = YES;
				CLANG_ENABLE_OBJC_WEAK = YES;
				CLANG_WARN_BLOCK_CAPTURE_AUTORELEASING = YES;
				CLANG_WARN_BOOL_CONVERSION = YES;
				CLANG_WARN_COMMA = YES;
				CLANG_WARN_CONSTANT_CONVERSION = YES;
				CLANG_WARN_DEPRECATED_OBJC_IMPLEMENTATIONS = YES;
				CLANG_WARN_DIRECT_OBJC_ISA_USAGE = YES_ERROR;
				CLANG_WARN_DOCUMENTATION_COMMENTS = YES;
				CLANG_WARN_EMPTY_BODY = YES;
				CLANG_WARN_ENUM_CONVERSION = YES;
				CLANG_WARN_INFINITE_RECURSION = YES;
				CLANG_WARN_INT_CONVERSION = YES;
				CLANG_WARN_NON_LITERAL_NULL_CONVERSION = YES;
				CLANG_WARN_OBJC_IMPLICIT_RETAIN_SELF = YES;
				CLANG_WARN_OBJC_LITERAL_CONVERSION = YES;
				CLANG_WARN_OBJC_ROOT_CLASS = YES_ERROR;
				CLANG_WARN_QUOTED_INCLUDE_IN_FRAMEWORK_HEADER = YES;
				CLANG_WARN_RANGE_LOOP_ANALYSIS = YES;
				CLANG_WARN_STRICT_PROTOTYPES = YES;
				CLANG_WARN_SUSPICIOUS_MOVE = YES;
				CLANG_WARN_UNGUARDED_AVAILABILITY = YES_AGGRESSIVE;
				CLANG_WARN_UNREACHABLE_CODE = YES;
				CLANG_WARN__DUPLICATE_METHOD_MATCH = YES;
				COPY_PHASE_STRIP = NO;
				DEBUG_INFORMATION_FORMAT = dwarf;
				ENABLE_STRICT_OBJC_MSGSEND = YES;
				ENABLE_TESTABILITY = YES;
				ENABLE_USER_SCRIPT_SANDBOXING = YES;
				GCC_C_LANGUAGE_STANDARD = gnu17;
				GCC_DYNAMIC_NO_PIC = NO;
				GCC_NO_COMMON_BLOCKS = YES;
				GCC_OPTIMIZATION_LEVEL = 0;
				GCC_PREPROCESSOR_DEFINITIONS = (
					"DEBUG=1",
					"$(inherited)",
				);
				GCC_WARN_64_TO_32_BIT_CONVERSION = YES;
				GCC_WARN_ABOUT_RETURN_TYPE = YES_ERROR;
				GCC_WARN_UNDECLARED_SELECTOR = YES;
				GCC_WARN_UNINITIALIZED_AUTOS = YES_AGGRESSIVE;
				GCC_WARN_UNUSED_FUNCTION = YES;
				GCC_WARN_UNUSED_VARIABLE = YES;
				IPHONEOS_DEPLOYMENT_TARGET = 14.0;
				LOCALIZATION_PREFERS_STRING_CATALOGS = YES;
				MTL_ENABLE_DEBUG_INFO = INCLUDE_SOURCE;
				MTL_FAST_MATH = YES;
				ONLY_ACTIVE_ARCH = YES;
				SDKROOT = iphoneos;
				SWIFT_ACTIVE_COMPILATION_CONDITIONS = "DEBUG $(inherited)";
				SWIFT_OPTIMIZATION_LEVEL = "-Onone";
			};
			name = Debug;
		};
		FB7ABE582B4602DA00AAF63A /* Release */ = {
			isa = XCBuildConfiguration;
			buildSettings = {
				ALWAYS_SEARCH_USER_PATHS = NO;
				ASSETCATALOG_COMPILER_GENERATE_SWIFT_ASSET_SYMBOL_EXTENSIONS = YES;
				CLANG_ANALYZER_NONNULL = YES;
				CLANG_ANALYZER_NUMBER_OBJECT_CONVERSION = YES_AGGRESSIVE;
				CLANG_CXX_LANGUAGE_STANDARD = "gnu++20";
				CLANG_ENABLE_MODULES = YES;
				CLANG_ENABLE_OBJC_ARC = YES;
				CLANG_ENABLE_OBJC_WEAK = YES;
				CLANG_WARN_BLOCK_CAPTURE_AUTORELEASING = YES;
				CLANG_WARN_BOOL_CONVERSION = YES;
				CLANG_WARN_COMMA = YES;
				CLANG_WARN_CONSTANT_CONVERSION = YES;
				CLANG_WARN_DEPRECATED_OBJC_IMPLEMENTATIONS = YES;
				CLANG_WARN_DIRECT_OBJC_ISA_USAGE = YES_ERROR;
				CLANG_WARN_DOCUMENTATION_COMMENTS = YES;
				CLANG_WARN_EMPTY_BODY = YES;
				CLANG_WARN_ENUM_CONVERSION = YES;
				CLANG_WARN_INFINITE_RECURSION = YES;
				CLANG_WARN_INT_CONVERSION = YES;
				CLANG_WARN_NON_LITERAL_NULL_CONVERSION = YES;
				CLANG_WARN_OBJC_IMPLICIT_RETAIN_SELF = YES;
				CLANG_WARN_OBJC_LITERAL_CONVERSION = YES;
				CLANG_WARN_OBJC_ROOT_CLASS = YES_ERROR;
				CLANG_WARN_QUOTED_INCLUDE_IN_FRAMEWORK_HEADER = YES;
				CLANG_WARN_RANGE_LOOP_ANALYSIS = YES;
				CLANG_WARN_STRICT_PROTOTYPES = YES;
				CLANG_WARN_SUSPICIOUS_MOVE = YES;
				CLANG_WARN_UNGUARDED_AVAILABILITY = YES_AGGRESSIVE;
				CLANG_WARN_UNREACHABLE_CODE = YES;
				CLANG_WARN__DUPLICATE_METHOD_MATCH = YES;
				COPY_PHASE_STRIP = NO;
				DEBUG_INFORMATION_FORMAT = "dwarf-with-dsym";
				ENABLE_NS_ASSERTIONS = NO;
				ENABLE_STRICT_OBJC_MSGSEND = YES;
				ENABLE_USER_SCRIPT_SANDBOXING = YES;
				GCC_C_LANGUAGE_STANDARD = gnu17;
				GCC_NO_COMMON_BLOCKS = YES;
				GCC_WARN_64_TO_32_BIT_CONVERSION = YES;
				GCC_WARN_ABOUT_RETURN_TYPE = YES_ERROR;
				GCC_WARN_UNDECLARED_SELECTOR = YES;
				GCC_WARN_UNINITIALIZED_AUTOS = YES_AGGRESSIVE;
				GCC_WARN_UNUSED_FUNCTION = YES;
				GCC_WARN_UNUSED_VARIABLE = YES;
				IPHONEOS_DEPLOYMENT_TARGET = 14.0;
				LOCALIZATION_PREFERS_STRING_CATALOGS = YES;
				MTL_ENABLE_DEBUG_INFO = NO;
				MTL_FAST_MATH = YES;
				SDKROOT = iphoneos;
				SWIFT_COMPILATION_MODE = wholemodule;
				VALIDATE_PRODUCT = YES;
			};
			name = Release;
		};
		FB7ABE5A2B4602DA00AAF63A /* Debug */ = {
			isa = XCBuildConfiguration;
			buildSettings = {
				ASSETCATALOG_COMPILER_APPICON_NAME = AppIcon;
				ASSETCATALOG_COMPILER_GLOBAL_ACCENT_COLOR_NAME = AccentColor;
				CODE_SIGN_STYLE = Automatic;
				CURRENT_PROJECT_VERSION = 1;
				DEVELOPMENT_ASSET_PATHS = "\"IPFTest/Preview Content\"";
				DEVELOPMENT_TEAM = 3PJX8UJTF8;
				ENABLE_PREVIEWS = YES;
				GENERATE_INFOPLIST_FILE = YES;
				INFOPLIST_KEY_UIApplicationSceneManifest_Generation = YES;
				INFOPLIST_KEY_UIApplicationSupportsIndirectInputEvents = YES;
				INFOPLIST_KEY_UILaunchScreen_Generation = YES;
				INFOPLIST_KEY_UISupportedInterfaceOrientations_iPad = "UIInterfaceOrientationPortrait UIInterfaceOrientationPortraitUpsideDown UIInterfaceOrientationLandscapeLeft UIInterfaceOrientationLandscapeRight";
				INFOPLIST_KEY_UISupportedInterfaceOrientations_iPhone = "UIInterfaceOrientationPortrait UIInterfaceOrientationLandscapeLeft UIInterfaceOrientationLandscapeRight";
				LD_RUNPATH_SEARCH_PATHS = (
					"$(inherited)",
					"@executable_path/Frameworks",
				);
				MARKETING_VERSION = 1.0;
				PRODUCT_BUNDLE_IDENTIFIER = com.IPFTest;
				PRODUCT_NAME = "$(TARGET_NAME)";
				SWIFT_EMIT_LOC_STRINGS = YES;
				SWIFT_VERSION = 5.0;
				TARGETED_DEVICE_FAMILY = "1,2";
			};
			name = Debug;
		};
		FB7ABE5B2B4602DA00AAF63A /* Release */ = {
			isa = XCBuildConfiguration;
			buildSettings = {
				ASSETCATALOG_COMPILER_APPICON_NAME = AppIcon;
				ASSETCATALOG_COMPILER_GLOBAL_ACCENT_COLOR_NAME = AccentColor;
				CODE_SIGN_STYLE = Automatic;
				CURRENT_PROJECT_VERSION = 1;
				DEVELOPMENT_ASSET_PATHS = "\"IPFTest/Preview Content\"";
				DEVELOPMENT_TEAM = 3PJX8UJTF8;
				ENABLE_PREVIEWS = YES;
				GENERATE_INFOPLIST_FILE = YES;
				INFOPLIST_KEY_UIApplicationSceneManifest_Generation = YES;
				INFOPLIST_KEY_UIApplicationSupportsIndirectInputEvents = YES;
				INFOPLIST_KEY_UILaunchScreen_Generation = YES;
				INFOPLIST_KEY_UISupportedInterfaceOrientations_iPad = "UIInterfaceOrientationPortrait UIInterfaceOrientationPortraitUpsideDown UIInterfaceOrientationLandscapeLeft UIInterfaceOrientationLandscapeRight";
				INFOPLIST_KEY_UISupportedInterfaceOrientations_iPhone = "UIInterfaceOrientationPortrait UIInterfaceOrientationLandscapeLeft UIInterfaceOrientationLandscapeRight";
				LD_RUNPATH_SEARCH_PATHS = (
					"$(inherited)",
					"@executable_path/Frameworks",
				);
				MARKETING_VERSION = 1.0;
				PRODUCT_BUNDLE_IDENTIFIER = com.IPFTest;
				PRODUCT_NAME = "$(TARGET_NAME)";
				SWIFT_EMIT_LOC_STRINGS = YES;
				SWIFT_VERSION = 5.0;
				TARGETED_DEVICE_FAMILY = "1,2";
			};
			name = Release;
		};
		FB7ABE5D2B4602DA00AAF63A /* Debug */ = {
			isa = XCBuildConfiguration;
			buildSettings = {
				ALWAYS_EMBED_SWIFT_STANDARD_LIBRARIES = YES;
				BUNDLE_LOADER = "$(TEST_HOST)";
				CODE_SIGN_STYLE = Automatic;
				CURRENT_PROJECT_VERSION = 1;
				DEVELOPMENT_TEAM = 3PJX8UJTF8;
				GENERATE_INFOPLIST_FILE = YES;
				IPHONEOS_DEPLOYMENT_TARGET = 17.2;
				MARKETING_VERSION = 1.0;
				PRODUCT_BUNDLE_IDENTIFIER = com.IPFTestTests;
				PRODUCT_NAME = "$(TARGET_NAME)";
				SWIFT_EMIT_LOC_STRINGS = NO;
				SWIFT_VERSION = 5.0;
				TARGETED_DEVICE_FAMILY = "1,2";
				TEST_HOST = "$(BUILT_PRODUCTS_DIR)/IPFTest.app/$(BUNDLE_EXECUTABLE_FOLDER_PATH)/IPFTest";
			};
			name = Debug;
		};
		FB7ABE5E2B4602DA00AAF63A /* Release */ = {
			isa = XCBuildConfiguration;
			buildSettings = {
				ALWAYS_EMBED_SWIFT_STANDARD_LIBRARIES = YES;
				BUNDLE_LOADER = "$(TEST_HOST)";
				CODE_SIGN_STYLE = Automatic;
				CURRENT_PROJECT_VERSION = 1;
				DEVELOPMENT_TEAM = 3PJX8UJTF8;
				GENERATE_INFOPLIST_FILE = YES;
				IPHONEOS_DEPLOYMENT_TARGET = 17.2;
				MARKETING_VERSION = 1.0;
				PRODUCT_BUNDLE_IDENTIFIER = com.IPFTestTests;
				PRODUCT_NAME = "$(TARGET_NAME)";
				SWIFT_EMIT_LOC_STRINGS = NO;
				SWIFT_VERSION = 5.0;
				TARGETED_DEVICE_FAMILY = "1,2";
				TEST_HOST = "$(BUILT_PRODUCTS_DIR)/IPFTest.app/$(BUNDLE_EXECUTABLE_FOLDER_PATH)/IPFTest";
			};
			name = Release;
		};
		FB7ABE602B4602DA00AAF63A /* Debug */ = {
			isa = XCBuildConfiguration;
			buildSettings = {
				ALWAYS_EMBED_SWIFT_STANDARD_LIBRARIES = YES;
				CODE_SIGN_STYLE = Automatic;
				CURRENT_PROJECT_VERSION = 1;
				DEVELOPMENT_TEAM = 3PJX8UJTF8;
				GENERATE_INFOPLIST_FILE = YES;
				MARKETING_VERSION = 1.0;
				PRODUCT_BUNDLE_IDENTIFIER = com.IPFTestUITests;
				PRODUCT_NAME = "$(TARGET_NAME)";
				SWIFT_EMIT_LOC_STRINGS = NO;
				SWIFT_VERSION = 5.0;
				TARGETED_DEVICE_FAMILY = "1,2";
				TEST_TARGET_NAME = IPFTest;
			};
			name = Debug;
		};
		FB7ABE612B4602DA00AAF63A /* Release */ = {
			isa = XCBuildConfiguration;
			buildSettings = {
				ALWAYS_EMBED_SWIFT_STANDARD_LIBRARIES = YES;
				CODE_SIGN_STYLE = Automatic;
				CURRENT_PROJECT_VERSION = 1;
				DEVELOPMENT_TEAM = 3PJX8UJTF8;
				GENERATE_INFOPLIST_FILE = YES;
				MARKETING_VERSION = 1.0;
				PRODUCT_BUNDLE_IDENTIFIER = com.IPFTestUITests;
				PRODUCT_NAME = "$(TARGET_NAME)";
				SWIFT_EMIT_LOC_STRINGS = NO;
				SWIFT_VERSION = 5.0;
				TARGETED_DEVICE_FAMILY = "1,2";
				TEST_TARGET_NAME = IPFTest;
			};
			name = Release;
		};
/* End XCBuildConfiguration section */

/* Begin XCConfigurationList section */
		FB7ABE302B4602D800AAF63A /* Build configuration list for PBXProject "IPFTest" */ = {
			isa = XCConfigurationList;
			buildConfigurations = (
				FB7ABE572B4602DA00AAF63A /* Debug */,
				FB7ABE582B4602DA00AAF63A /* Release */,
			);
			defaultConfigurationIsVisible = 0;
			defaultConfigurationName = Release;
		};
		FB7ABE592B4602DA00AAF63A /* Build configuration list for PBXNativeTarget "IPFTest" */ = {
			isa = XCConfigurationList;
			buildConfigurations = (
				FB7ABE5A2B4602DA00AAF63A /* Debug */,
				FB7ABE5B2B4602DA00AAF63A /* Release */,
			);
			defaultConfigurationIsVisible = 0;
			defaultConfigurationName = Release;
		};
		FB7ABE5C2B4602DA00AAF63A /* Build configuration list for PBXNativeTarget "IPFTestTests" */ = {
			isa = XCConfigurationList;
			buildConfigurations = (
				FB7ABE5D2B4602DA00AAF63A /* Debug */,
				FB7ABE5E2B4602DA00AAF63A /* Release */,
			);
			defaultConfigurationIsVisible = 0;
			defaultConfigurationName = Release;
		};
		FB7ABE5F2B4602DA00AAF63A /* Build configuration list for PBXNativeTarget "IPFTestUITests" */ = {
			isa = XCConfigurationList;
			buildConfigurations = (
				FB7ABE602B4602DA00AAF63A /* Debug */,
				FB7ABE612B4602DA00AAF63A /* Release */,
			);
			defaultConfigurationIsVisible = 0;
			defaultConfigurationName = Release;
		};
/* End XCConfigurationList section */

/* Begin XCRemoteSwiftPackageReference section */
		FB7ABE902B484BF200AAF63A /* XCRemoteSwiftPackageReference "Kingfisher" */ = {
			isa = XCRemoteSwiftPackageReference;
			repositoryURL = "https://github.com/onevcat/Kingfisher.git";
			requirement = {
				kind = upToNextMajorVersion;
				minimumVersion = 7.10.1;
			};
		};
/* End XCRemoteSwiftPackageReference section */

/* Begin XCSwiftPackageProductDependency section */
		FB7ABE912B484BF200AAF63A /* Kingfisher */ = {
			isa = XCSwiftPackageProductDependency;
			package = FB7ABE902B484BF200AAF63A /* XCRemoteSwiftPackageReference "Kingfisher" */;
			productName = Kingfisher;
		};
/* End XCSwiftPackageProductDependency section */
	};
	rootObject = FB7ABE2D2B4602D800AAF63A /* Project object */;
}
